// !$*UTF8*$!
{
	archiveVersion = 1;
	classes = {
	};
	objectVersion = 48;
	objects = {

/* Begin PBXBuildFile section */
		84D7221F206C26C80054972C /* AppDelegate.swift in Sources */ = {isa = PBXBuildFile; fileRef = 84D7221E206C26C80054972C /* AppDelegate.swift */; };
		84D72221206C26C80054972C /* ViewController.swift in Sources */ = {isa = PBXBuildFile; fileRef = 84D72220206C26C80054972C /* ViewController.swift */; };
		84D72224206C26C80054972C /* Main.storyboard in Resources */ = {isa = PBXBuildFile; fileRef = 84D72222206C26C80054972C /* Main.storyboard */; };
		84D72226206C26C80054972C /* Assets.xcassets in Resources */ = {isa = PBXBuildFile; fileRef = 84D72225206C26C80054972C /* Assets.xcassets */; };
		84D72229206C26C80054972C /* LaunchScreen.storyboard in Resources */ = {isa = PBXBuildFile; fileRef = 84D72227206C26C80054972C /* LaunchScreen.storyboard */; };
		84D72234206C26C80054972C /* Fortune_Teller__Morgan_Tests.swift in Sources */ = {isa = PBXBuildFile; fileRef = 84D72233206C26C80054972C /* Fortune_Teller__Morgan_Tests.swift */; };
		84D7223F206C26C80054972C /* Fortune_Teller__Morgan_UITests.swift in Sources */ = {isa = PBXBuildFile; fileRef = 84D7223E206C26C80054972C /* Fortune_Teller__Morgan_UITests.swift */; };
/* End PBXBuildFile section */

/* Begin PBXContainerItemProxy section */
		84D72230206C26C80054972C /* PBXContainerItemProxy */ = {
			isa = PBXContainerItemProxy;
			containerPortal = 84D72213206C26C70054972C /* Project object */;
			proxyType = 1;
			remoteGlobalIDString = 84D7221A206C26C80054972C;
			remoteInfo = "Fortune Teller (Morgan)";
		};
		84D7223B206C26C80054972C /* PBXContainerItemProxy */ = {
			isa = PBXContainerItemProxy;
			containerPortal = 84D72213206C26C70054972C /* Project object */;
			proxyType = 1;
			remoteGlobalIDString = 84D7221A206C26C80054972C;
			remoteInfo = "Fortune Teller (Morgan)";
		};
/* End PBXContainerItemProxy section */

/* Begin PBXFileReference section */
		84D7221B206C26C80054972C /* Fortune Teller (Morgan).app */ = {isa = PBXFileReference; explicitFileType = wrapper.application; includeInIndex = 0; path = "Fortune Teller (Morgan).app"; sourceTree = BUILT_PRODUCTS_DIR; };
		84D7221E206C26C80054972C /* AppDelegate.swift */ = {isa = PBXFileReference; lastKnownFileType = sourcecode.swift; path = AppDelegate.swift; sourceTree = "<group>"; };
		84D72220206C26C80054972C /* ViewController.swift */ = {isa = PBXFileReference; lastKnownFileType = sourcecode.swift; path = ViewController.swift; sourceTree = "<group>"; };
		84D72223206C26C80054972C /* Base */ = {isa = PBXFileReference; lastKnownFileType = file.storyboard; name = Base; path = Base.lproj/Main.storyboard; sourceTree = "<group>"; };
		84D72225206C26C80054972C /* Assets.xcassets */ = {isa = PBXFileReference; lastKnownFileType = folder.assetcatalog; path = Assets.xcassets; sourceTree = "<group>"; };
		84D72228206C26C80054972C /* Base */ = {isa = PBXFileReference; lastKnownFileType = file.storyboard; name = Base; path = Base.lproj/LaunchScreen.storyboard; sourceTree = "<group>"; };
		84D7222A206C26C80054972C /* Info.plist */ = {isa = PBXFileReference; lastKnownFileType = text.plist.xml; path = Info.plist; sourceTree = "<group>"; };
		84D7222F206C26C80054972C /* Fortune Teller (Morgan)Tests.xctest */ = {isa = PBXFileReference; explicitFileType = wrapper.cfbundle; includeInIndex = 0; path = "Fortune Teller (Morgan)Tests.xctest"; sourceTree = BUILT_PRODUCTS_DIR; };
		84D72233206C26C80054972C /* Fortune_Teller__Morgan_Tests.swift */ = {isa = PBXFileReference; lastKnownFileType = sourcecode.swift; path = Fortune_Teller__Morgan_Tests.swift; sourceTree = "<group>"; };
		84D72235206C26C80054972C /* Info.plist */ = {isa = PBXFileReference; lastKnownFileType = text.plist.xml; path = Info.plist; sourceTree = "<group>"; };
		84D7223A206C26C80054972C /* Fortune Teller (Morgan)UITests.xctest */ = {isa = PBXFileReference; explicitFileType = wrapper.cfbundle; includeInIndex = 0; path = "Fortune Teller (Morgan)UITests.xctest"; sourceTree = BUILT_PRODUCTS_DIR; };
		84D7223E206C26C80054972C /* Fortune_Teller__Morgan_UITests.swift */ = {isa = PBXFileReference; lastKnownFileType = sourcecode.swift; path = Fortune_Teller__Morgan_UITests.swift; sourceTree = "<group>"; };
		84D72240206C26C80054972C /* Info.plist */ = {isa = PBXFileReference; lastKnownFileType = text.plist.xml; path = Info.plist; sourceTree = "<group>"; };
/* End PBXFileReference section */

/* Begin PBXFrameworksBuildPhase section */
		84D72218206C26C80054972C /* Frameworks */ = {
			isa = PBXFrameworksBuildPhase;
			buildActionMask = 2147483647;
			files = (
			);
			runOnlyForDeploymentPostprocessing = 0;
		};
		84D7222C206C26C80054972C /* Frameworks */ = {
			isa = PBXFrameworksBuildPhase;
			buildActionMask = 2147483647;
			files = (
			);
			runOnlyForDeploymentPostprocessing = 0;
		};
		84D72237206C26C80054972C /* Frameworks */ = {
			isa = PBXFrameworksBuildPhase;
			buildActionMask = 2147483647;
			files = (
			);
			runOnlyForDeploymentPostprocessing = 0;
		};
/* End PBXFrameworksBuildPhase section */

/* Begin PBXGroup section */
		84D72212206C26C70054972C = {
			isa = PBXGroup;
			children = (
				84D7221D206C26C80054972C /* Fortune Teller (Morgan) */,
				84D72232206C26C80054972C /* Fortune Teller (Morgan)Tests */,
				84D7223D206C26C80054972C /* Fortune Teller (Morgan)UITests */,
				84D7221C206C26C80054972C /* Products */,
			);
			sourceTree = "<group>";
		};
		84D7221C206C26C80054972C /* Products */ = {
			isa = PBXGroup;
			children = (
				84D7221B206C26C80054972C /* Fortune Teller (Morgan).app */,
				84D7222F206C26C80054972C /* Fortune Teller (Morgan)Tests.xctest */,
				84D7223A206C26C80054972C /* Fortune Teller (Morgan)UITests.xctest */,
			);
			name = Products;
			sourceTree = "<group>";
		};
		84D7221D206C26C80054972C /* Fortune Teller (Morgan) */ = {
			isa = PBXGroup;
			children = (
				84D7221E206C26C80054972C /* AppDelegate.swift */,
				84D72220206C26C80054972C /* ViewController.swift */,
				84D72222206C26C80054972C /* Main.storyboard */,
				84D72225206C26C80054972C /* Assets.xcassets */,
				84D72227206C26C80054972C /* LaunchScreen.storyboard */,
				84D7222A206C26C80054972C /* Info.plist */,
			);
			path = "Fortune Teller (Morgan)";
			sourceTree = "<group>";
		};
		84D72232206C26C80054972C /* Fortune Teller (Morgan)Tests */ = {
			isa = PBXGroup;
			children = (
				84D72233206C26C80054972C /* Fortune_Teller__Morgan_Tests.swift */,
				84D72235206C26C80054972C /* Info.plist */,
			);
			path = "Fortune Teller (Morgan)Tests";
			sourceTree = "<group>";
		};
		84D7223D206C26C80054972C /* Fortune Teller (Morgan)UITests */ = {
			isa = PBXGroup;
			children = (
				84D7223E206C26C80054972C /* Fortune_Teller__Morgan_UITests.swift */,
				84D72240206C26C80054972C /* Info.plist */,
			);
			path = "Fortune Teller (Morgan)UITests";
			sourceTree = "<group>";
		};
/* End PBXGroup section */

/* Begin PBXNativeTarget section */
		84D7221A206C26C80054972C /* Fortune Teller (Morgan) */ = {
			isa = PBXNativeTarget;
			buildConfigurationList = 84D72243206C26C80054972C /* Build configuration list for PBXNativeTarget "Fortune Teller (Morgan)" */;
			buildPhases = (
				84D72217206C26C80054972C /* Sources */,
				84D72218206C26C80054972C /* Frameworks */,
				84D72219206C26C80054972C /* Resources */,
			);
			buildRules = (
			);
			dependencies = (
			);
			name = "Fortune Teller (Morgan)";
			productName = "Fortune Teller (Morgan)";
			productReference = 84D7221B206C26C80054972C /* Fortune Teller (Morgan).app */;
			productType = "com.apple.product-type.application";
		};
		84D7222E206C26C80054972C /* Fortune Teller (Morgan)Tests */ = {
			isa = PBXNativeTarget;
			buildConfigurationList = 84D72246206C26C80054972C /* Build configuration list for PBXNativeTarget "Fortune Teller (Morgan)Tests" */;
			buildPhases = (
				84D7222B206C26C80054972C /* Sources */,
				84D7222C206C26C80054972C /* Frameworks */,
				84D7222D206C26C80054972C /* Resources */,
			);
			buildRules = (
			);
			dependencies = (
				84D72231206C26C80054972C /* PBXTargetDependency */,
			);
			name = "Fortune Teller (Morgan)Tests";
			productName = "Fortune Teller (Morgan)Tests";
			productReference = 84D7222F206C26C80054972C /* Fortune Teller (Morgan)Tests.xctest */;
			productType = "com.apple.product-type.bundle.unit-test";
		};
		84D72239206C26C80054972C /* Fortune Teller (Morgan)UITests */ = {
			isa = PBXNativeTarget;
			buildConfigurationList = 84D72249206C26C80054972C /* Build configuration list for PBXNativeTarget "Fortune Teller (Morgan)UITests" */;
			buildPhases = (
				84D72236206C26C80054972C /* Sources */,
				84D72237206C26C80054972C /* Frameworks */,
				84D72238206C26C80054972C /* Resources */,
			);
			buildRules = (
			);
			dependencies = (
				84D7223C206C26C80054972C /* PBXTargetDependency */,
			);
			name = "Fortune Teller (Morgan)UITests";
			productName = "Fortune Teller (Morgan)UITests";
			productReference = 84D7223A206C26C80054972C /* Fortune Teller (Morgan)UITests.xctest */;
			productType = "com.apple.product-type.bundle.ui-testing";
		};
/* End PBXNativeTarget section */

/* Begin PBXProject section */
		84D72213206C26C70054972C /* Project object */ = {
			isa = PBXProject;
			attributes = {
				LastSwiftUpdateCheck = 0920;
				LastUpgradeCheck = 0920;
				ORGANIZATIONNAME = CM;
				TargetAttributes = {
					84D7221A206C26C80054972C = {
						CreatedOnToolsVersion = 9.2;
						ProvisioningStyle = Automatic;
					};
					84D7222E206C26C80054972C = {
						CreatedOnToolsVersion = 9.2;
						ProvisioningStyle = Automatic;
						TestTargetID = 84D7221A206C26C80054972C;
					};
					84D72239206C26C80054972C = {
						CreatedOnToolsVersion = 9.2;
						ProvisioningStyle = Automatic;
						TestTargetID = 84D7221A206C26C80054972C;
					};
				};
			};
			buildConfigurationList = 84D72216206C26C70054972C /* Build configuration list for PBXProject "Fortune Teller (Morgan)" */;
			compatibilityVersion = "Xcode 8.0";
			developmentRegion = en;
			hasScannedForEncodings = 0;
			knownRegions = (
				en,
				Base,
			);
			mainGroup = 84D72212206C26C70054972C;
			productRefGroup = 84D7221C206C26C80054972C /* Products */;
			projectDirPath = "";
			projectRoot = "";
			targets = (
				84D7221A206C26C80054972C /* Fortune Teller (Morgan) */,
				84D7222E206C26C80054972C /* Fortune Teller (Morgan)Tests */,
				84D72239206C26C80054972C /* Fortune Teller (Morgan)UITests */,
			);
		};
/* End PBXProject section */

/* Begin PBXResourcesBuildPhase section */
		84D72219206C26C80054972C /* Resources */ = {
			isa = PBXResourcesBuildPhase;
			buildActionMask = 2147483647;
			files = (
				84D72229206C26C80054972C /* LaunchScreen.storyboard in Resources */,
				84D72226206C26C80054972C /* Assets.xcassets in Resources */,
				84D72224206C26C80054972C /* Main.storyboard in Resources */,
			);
			runOnlyForDeploymentPostprocessing = 0;
		};
		84D7222D206C26C80054972C /* Resources */ = {
			isa = PBXResourcesBuildPhase;
			buildActionMask = 2147483647;
			files = (
			);
			runOnlyForDeploymentPostprocessing = 0;
		};
		84D72238206C26C80054972C /* Resources */ = {
			isa = PBXResourcesBuildPhase;
			buildActionMask = 2147483647;
			files = (
			);
			runOnlyForDeploymentPostprocessing = 0;
		};
/* End PBXResourcesBuildPhase section */

/* Begin PBXSourcesBuildPhase section */
		84D72217206C26C80054972C /* Sources */ = {
			isa = PBXSourcesBuildPhase;
			buildActionMask = 2147483647;
			files = (
				84D72221206C26C80054972C /* ViewController.swift in Sources */,
				84D7221F206C26C80054972C /* AppDelegate.swift in Sources */,
			);
			runOnlyForDeploymentPostprocessing = 0;
		};
		84D7222B206C26C80054972C /* Sources */ = {
			isa = PBXSourcesBuildPhase;
			buildActionMask = 2147483647;
			files = (
				84D72234206C26C80054972C /* Fortune_Teller__Morgan_Tests.swift in Sources */,
			);
			runOnlyForDeploymentPostprocessing = 0;
		};
		84D72236206C26C80054972C /* Sources */ = {
			isa = PBXSourcesBuildPhase;
			buildActionMask = 2147483647;
			files = (
				84D7223F206C26C80054972C /* Fortune_Teller__Morgan_UITests.swift in Sources */,
			);
			runOnlyForDeploymentPostprocessing = 0;
		};
/* End PBXSourcesBuildPhase section */

/* Begin PBXTargetDependency section */
		84D72231206C26C80054972C /* PBXTargetDependency */ = {
			isa = PBXTargetDependency;
			target = 84D7221A206C26C80054972C /* Fortune Teller (Morgan) */;
			targetProxy = 84D72230206C26C80054972C /* PBXContainerItemProxy */;
		};
		84D7223C206C26C80054972C /* PBXTargetDependency */ = {
			isa = PBXTargetDependency;
			target = 84D7221A206C26C80054972C /* Fortune Teller (Morgan) */;
			targetProxy = 84D7223B206C26C80054972C /* PBXContainerItemProxy */;
		};
/* End PBXTargetDependency section */

/* Begin PBXVariantGroup section */
		84D72222206C26C80054972C /* Main.storyboard */ = {
			isa = PBXVariantGroup;
			children = (
				84D72223206C26C80054972C /* Base */,
			);
			name = Main.storyboard;
			sourceTree = "<group>";
		};
		84D72227206C26C80054972C /* LaunchScreen.storyboard */ = {
			isa = PBXVariantGroup;
			children = (
				84D72228206C26C80054972C /* Base */,
			);
			name = LaunchScreen.storyboard;
			sourceTree = "<group>";
		};
/* End PBXVariantGroup section */

/* Begin XCBuildConfiguration section */
		84D72241206C26C80054972C /* Debug */ = {
			isa = XCBuildConfiguration;
			buildSettings = {
				ALWAYS_SEARCH_USER_PATHS = NO;
				CLANG_ANALYZER_NONNULL = YES;
				CLANG_ANALYZER_NUMBER_OBJECT_CONVERSION = YES_AGGRESSIVE;
				CLANG_CXX_LANGUAGE_STANDARD = "gnu++14";
				CLANG_CXX_LIBRARY = "libc++";
				CLANG_ENABLE_MODULES = YES;
				CLANG_ENABLE_OBJC_ARC = YES;
				CLANG_WARN_BLOCK_CAPTURE_AUTORELEASING = YES;
				CLANG_WARN_BOOL_CONVERSION = YES;
				CLANG_WARN_COMMA = YES;
				CLANG_WARN_CONSTANT_CONVERSION = YES;
				CLANG_WARN_DIRECT_OBJC_ISA_USAGE = YES_ERROR;
				CLANG_WARN_DOCUMENTATION_COMMENTS = YES;
				CLANG_WARN_EMPTY_BODY = YES;
				CLANG_WARN_ENUM_CONVERSION = YES;
				CLANG_WARN_INFINITE_RECURSION = YES;
				CLANG_WARN_INT_CONVERSION = YES;
				CLANG_WARN_NON_LITERAL_NULL_CONVERSION = YES;
				CLANG_WARN_OBJC_LITERAL_CONVERSION = YES;
				CLANG_WARN_OBJC_ROOT_CLASS = YES_ERROR;
				CLANG_WARN_RANGE_LOOP_ANALYSIS = YES;
				CLANG_WARN_STRICT_PROTOTYPES = YES;
				CLANG_WARN_SUSPICIOUS_MOVE = YES;
				CLANG_WARN_UNGUARDED_AVAILABILITY = YES_AGGRESSIVE;
				CLANG_WARN_UNREACHABLE_CODE = YES;
				CLANG_WARN__DUPLICATE_METHOD_MATCH = YES;
				CODE_SIGN_IDENTITY = "iPhone Developer";
				COPY_PHASE_STRIP = NO;
				DEBUG_INFORMATION_FORMAT = dwarf;
				ENABLE_STRICT_OBJC_MSGSEND = YES;
				ENABLE_TESTABILITY = YES;
				GCC_C_LANGUAGE_STANDARD = gnu11;
				GCC_DYNAMIC_NO_PIC = NO;
				GCC_NO_COMMON_BLOCKS = YES;
				GCC_OPTIMIZATION_LEVEL = 0;
				GCC_PREPROCESSOR_DEFINITIONS = (
					"DEBUG=1",
					"$(inherited)",
				);
				GCC_WARN_64_TO_32_BIT_CONVERSION = YES;
				GCC_WARN_ABOUT_RETURN_TYPE = YES_ERROR;
				GCC_WARN_UNDECLARED_SELECTOR = YES;
				GCC_WARN_UNINITIALIZED_AUTOS = YES_AGGRESSIVE;
				GCC_WARN_UNUSED_FUNCTION = YES;
				GCC_WARN_UNUSED_VARIABLE = YES;
				IPHONEOS_DEPLOYMENT_TARGET = 11.2;
				MTL_ENABLE_DEBUG_INFO = YES;
				ONLY_ACTIVE_ARCH = YES;
				SDKROOT = iphoneos;
				SWIFT_ACTIVE_COMPILATION_CONDITIONS = DEBUG;
				SWIFT_OPTIMIZATION_LEVEL = "-Onone";
			};
			name = Debug;
		};
		84D72242206C26C80054972C /* Release */ = {
			isa = XCBuildConfiguration;
			buildSettings = {
				ALWAYS_SEARCH_USER_PATHS = NO;
				CLANG_ANALYZER_NONNULL = YES;
				CLANG_ANALYZER_NUMBER_OBJECT_CONVERSION = YES_AGGRESSIVE;
				CLANG_CXX_LANGUAGE_STANDARD = "gnu++14";
				CLANG_CXX_LIBRARY = "libc++";
				CLANG_ENABLE_MODULES = YES;
				CLANG_ENABLE_OBJC_ARC = YES;
				CLANG_WARN_BLOCK_CAPTURE_AUTORELEASING = YES;
				CLANG_WARN_BOOL_CONVERSION = YES;
				CLANG_WARN_COMMA = YES;
				CLANG_WARN_CONSTANT_CONVERSION = YES;
				CLANG_WARN_DIRECT_OBJC_ISA_USAGE = YES_ERROR;
				CLANG_WARN_DOCUMENTATION_COMMENTS = YES;
				CLANG_WARN_EMPTY_BODY = YES;
				CLANG_WARN_ENUM_CONVERSION = YES;
				CLANG_WARN_INFINITE_RECURSION = YES;
				CLANG_WARN_INT_CONVERSION = YES;
				CLANG_WARN_NON_LITERAL_NULL_CONVERSION = YES;
				CLANG_WARN_OBJC_LITERAL_CONVERSION = YES;
				CLANG_WARN_OBJC_ROOT_CLASS = YES_ERROR;
				CLANG_WARN_RANGE_LOOP_ANALYSIS = YES;
				CLANG_WARN_STRICT_PROTOTYPES = YES;
				CLANG_WARN_SUSPICIOUS_MOVE = YES;
				CLANG_WARN_UNGUARDED_AVAILABILITY = YES_AGGRESSIVE;
				CLANG_WARN_UNREACHABLE_CODE = YES;
				CLANG_WARN__DUPLICATE_METHOD_MATCH = YES;
				CODE_SIGN_IDENTITY = "iPhone Developer";
				COPY_PHASE_STRIP = NO;
				DEBUG_INFORMATION_FORMAT = "dwarf-with-dsym";
				ENABLE_NS_ASSERTIONS = NO;
				ENABLE_STRICT_OBJC_MSGSEND = YES;
				GCC_C_LANGUAGE_STANDARD = gnu11;
				GCC_NO_COMMON_BLOCKS = YES;
				GCC_WARN_64_TO_32_BIT_CONVERSION = YES;
				GCC_WARN_ABOUT_RETURN_TYPE = YES_ERROR;
				GCC_WARN_UNDECLARED_SELECTOR = YES;
				GCC_WARN_UNINITIALIZED_AUTOS = YES_AGGRESSIVE;
				GCC_WARN_UNUSED_FUNCTION = YES;
				GCC_WARN_UNUSED_VARIABLE = YES;
				IPHONEOS_DEPLOYMENT_TARGET = 11.2;
				MTL_ENABLE_DEBUG_INFO = NO;
				SDKROOT = iphoneos;
				SWIFT_OPTIMIZATION_LEVEL = "-Owholemodule";
				VALIDATE_PRODUCT = YES;
			};
			name = Release;
		};
		84D72244206C26C80054972C /* Debug */ = {
			isa = XCBuildConfiguration;
			buildSettings = {
				ASSETCATALOG_COMPILER_APPICON_NAME = AppIcon;
				CODE_SIGN_STYLE = Automatic;
				INFOPLIST_FILE = "Fortune Teller (Morgan)/Info.plist";
				LD_RUNPATH_SEARCH_PATHS = "$(inherited) @executable_path/Frameworks";
				PRODUCT_BUNDLE_IDENTIFIER = "CM.Fortune-Teller--Morgan-";
				PRODUCT_NAME = "$(TARGET_NAME)";
				SWIFT_VERSION = 4.0;
				TARGETED_DEVICE_FAMILY = "1,2";
			};
			name = Debug;
		};
		84D72245206C26C80054972C /* Release */ = {
			isa = XCBuildConfiguration;
			buildSettings = {
				ASSETCATALOG_COMPILER_APPICON_NAME = AppIcon;
				CODE_SIGN_STYLE = Automatic;
				INFOPLIST_FILE = "Fortune Teller (Morgan)/Info.plist";
				LD_RUNPATH_SEARCH_PATHS = "$(inherited) @executable_path/Frameworks";
				PRODUCT_BUNDLE_IDENTIFIER = "CM.Fortune-Teller--Morgan-";
				PRODUCT_NAME = "$(TARGET_NAME)";
				SWIFT_VERSION = 4.0;
				TARGETED_DEVICE_FAMILY = "1,2";
			};
			name = Release;
		};
		84D72247206C26C80054972C /* Debug */ = {
			isa = XCBuildConfiguration;
			buildSettings = {
				ALWAYS_EMBED_SWIFT_STANDARD_LIBRARIES = YES;
				BUNDLE_LOADER = "$(TEST_HOST)";
				CODE_SIGN_STYLE = Automatic;
				INFOPLIST_FILE = "Fortune Teller (Morgan)Tests/Info.plist";
				LD_RUNPATH_SEARCH_PATHS = "$(inherited) @executable_path/Frameworks @loader_path/Frameworks";
				PRODUCT_BUNDLE_IDENTIFIER = "CM.Fortune-Teller--Morgan-Tests";
				PRODUCT_NAME = "$(TARGET_NAME)";
				SWIFT_VERSION = 4.0;
				TARGETED_DEVICE_FAMILY = "1,2";
				TEST_HOST = "$(BUILT_PRODUCTS_DIR)/Fortune Teller (Morgan).app/Fortune Teller (Morgan)";
			};
			name = Debug;
		};
		84D72248206C26C80054972C /* Release */ = {
			isa = XCBuildConfiguration;
			buildSettings = {
				ALWAYS_EMBED_SWIFT_STANDARD_LIBRARIES = YES;
				BUNDLE_LOADER = "$(TEST_HOST)";
				CODE_SIGN_STYLE = Automatic;
				INFOPLIST_FILE = "Fortune Teller (Morgan)Tests/Info.plist";
				LD_RUNPATH_SEARCH_PATHS = "$(inherited) @executable_path/Frameworks @loader_path/Frameworks";
				PRODUCT_BUNDLE_IDENTIFIER = "CM.Fortune-Teller--Morgan-Tests";
				PRODUCT_NAME = "$(TARGET_NAME)";
				SWIFT_VERSION = 4.0;
				TARGETED_DEVICE_FAMILY = "1,2";
				TEST_HOST = "$(BUILT_PRODUCTS_DIR)/Fortune Teller (Morgan).app/Fortune Teller (Morgan)";
			};
			name = Release;
		};
		84D7224A206C26C80054972C /* Debug */ = {
			isa = XCBuildConfiguration;
			buildSettings = {
				ALWAYS_EMBED_SWIFT_STANDARD_LIBRARIES = YES;
				CODE_SIGN_STYLE = Automatic;
				INFOPLIST_FILE = "Fortune Teller (Morgan)UITests/Info.plist";
				LD_RUNPATH_SEARCH_PATHS = "$(inherited) @executable_path/Frameworks @loader_path/Frameworks";
				PRODUCT_BUNDLE_IDENTIFIER = "CM.Fortune-Teller--Morgan-UITests";
				PRODUCT_NAME = "$(TARGET_NAME)";
				SWIFT_VERSION = 4.0;
				TARGETED_DEVICE_FAMILY = "1,2";
				TEST_TARGET_NAME = "Fortune Teller (Morgan)";
			};
			name = Debug;
		};
		84D7224B206C26C80054972C /* Release */ = {
			isa = XCBuildConfiguration;
			buildSettings = {
				ALWAYS_EMBED_SWIFT_STANDARD_LIBRARIES = YES;
				CODE_SIGN_STYLE = Automatic;
				INFOPLIST_FILE = "Fortune Teller (Morgan)UITests/Info.plist";
				LD_RUNPATH_SEARCH_PATHS = "$(inherited) @executable_path/Frameworks @loader_path/Frameworks";
				PRODUCT_BUNDLE_IDENTIFIER = "CM.Fortune-Teller--Morgan-UITests";
				PRODUCT_NAME = "$(TARGET_NAME)";
				SWIFT_VERSION = 4.0;
				TARGETED_DEVICE_FAMILY = "1,2";
				TEST_TARGET_NAME = "Fortune Teller (Morgan)";
			};
			name = Release;
		};
/* End XCBuildConfiguration section */

/* Begin XCConfigurationList section */
		84D72216206C26C70054972C /* Build configuration list for PBXProject "Fortune Teller (Morgan)" */ = {
			isa = XCConfigurationList;
			buildConfigurations = (
				84D72241206C26C80054972C /* Debug */,
				84D72242206C26C80054972C /* Release */,
			);
			defaultConfigurationIsVisible = 0;
			defaultConfigurationName = Release;
		};
		84D72243206C26C80054972C /* Build configuration list for PBXNativeTarget "Fortune Teller (Morgan)" */ = {
			isa = XCConfigurationList;
			buildConfigurations = (
				84D72244206C26C80054972C /* Debug */,
				84D72245206C26C80054972C /* Release */,
			);
			defaultConfigurationIsVisible = 0;
			defaultConfigurationName = Release;
		};
		84D72246206C26C80054972C /* Build configuration list for PBXNativeTarget "Fortune Teller (Morgan)Tests" */ = {
			isa = XCConfigurationList;
			buildConfigurations = (
				84D72247206C26C80054972C /* Debug */,
				84D72248206C26C80054972C /* Release */,
			);
			defaultConfigurationIsVisible = 0;
			defaultConfigurationName = Release;
		};
		84D72249206C26C80054972C /* Build configuration list for PBXNativeTarget "Fortune Teller (Morgan)UITests" */ = {
			isa = XCConfigurationList;
			buildConfigurations = (
				84D7224A206C26C80054972C /* Debug */,
				84D7224B206C26C80054972C /* Release */,
			);
			defaultConfigurationIsVisible = 0;
			defaultConfigurationName = Release;
		};
/* End XCConfigurationList section */
	};
	rootObject = 84D72213206C26C70054972C /* Project object */;
}
